
Microsoft Visual Studio Solution File, Format Version 12.00
# Visual Studio Version 17
VisualStudioVersion = 17.9.34701.34
MinimumVisualStudioVersion = 10.0.40219.1
Project("{8BC9CEB8-8B4A-11D0-8D11-00A0C91BC942}") = "practicalTask10", "practicalTask10.vcxproj", "{05639B50-FEDD-4712-8982-5109C554E0F8}"
EndProject
Global
	GlobalSection(SolutionConfigurationPlatforms) = preSolution
		Debug|x64 = Debug|x64
		Debug|x86 = Debug|x86
		Release|x64 = Release|x64
		Release|x86 = Release|x86
	EndGlobalSection
	GlobalSection(ProjectConfigurationPlatforms) = postSolution
		{05639B50-FEDD-4712-8982-5109C554E0F8}.Debug|x64.ActiveCfg = Debug|x64
		{05639B50-FEDD-4712-8982-5109C554E0F8}.Debug|x64.Build.0 = Debug|x64
		{05639B50-FEDD-4712-8982-5109C554E0F8}.Debug|x86.ActiveCfg = Debug|Win32
		{05639B50-FEDD-4712-8982-5109C554E0F8}.Debug|x86.Build.0 = Debug|Win32
		{05639B50-FEDD-4712-8982-5109C554E0F8}.Release|x64.ActiveCfg = Release|x64
		{05639B50-FEDD-4712-8982-5109C554E0F8}.Release|x64.Build.0 = Release|x64
		{05639B50-FEDD-4712-8982-5109C554E0F8}.Release|x86.ActiveCfg = Release|Win32
		{05639B50-FEDD-4712-8982-5109C554E0F8}.Release|x86.Build.0 = Release|Win32
	EndGlobalSection
	GlobalSection(SolutionProperties) = preSolution
		HideSolutionNode = FALSE
	EndGlobalSection
	GlobalSection(ExtensibilityGlobals) = postSolution
		SolutionGuid = {C7F4EBED-8B23-4AEA-8FD6-A1DDA51C80DD}
	EndGlobalSection
EndGlobal
